
Microsoft Visual Studio Solution File, Format Version 12.00
# Visual Studio Version 17
VisualStudioVersion = 17.6.33717.318
MinimumVisualStudioVersion = 10.0.40219.1
Project("{FAE04EC0-301F-11D3-BF4B-00C04F79EFBC}") = "SMTP", "SMTP\SMTP.csproj", "{0E816FC9-5672-460F-A19F-47686BF5FDAE}"
EndProject
Global
	GlobalSection(SolutionConfigurationPlatforms) = preSolution
		Debug|Any CPU = Debug|Any CPU
		Release|Any CPU = Release|Any CPU
	EndGlobalSection
	GlobalSection(ProjectConfigurationPlatforms) = postSolution
		{0E816FC9-5672-460F-A19F-47686BF5FDAE}.Debug|Any CPU.ActiveCfg = Debug|Any CPU
		{0E816FC9-5672-460F-A19F-47686BF5FDAE}.Debug|Any CPU.Build.0 = Debug|Any CPU
		{0E816FC9-5672-460F-A19F-47686BF5FDAE}.Release|Any CPU.ActiveCfg = Release|Any CPU
		{0E816FC9-5672-460F-A19F-47686BF5FDAE}.Release|Any CPU.Build.0 = Release|Any CPU
	EndGlobalSection
	GlobalSection(SolutionProperties) = preSolution
		HideSolutionNode = FALSE
	EndGlobalSection
	GlobalSection(ExtensibilityGlobals) = postSolution
		SolutionGuid = {C7A8DC81-19F0-4049-9199-46A2CC456042}
	EndGlobalSection
EndGlobal
